PODS:
  - JGProgressHUD (2.2)
  - SDWebImage (5.19.2):
    - SDWebImage/Core (= 5.19.2)
  - SDWebImage/Core (5.19.2)

DEPENDENCIES:
  - JGProgressHUD
  - SDWebImage

SPEC REPOS:
  trunk:
    - JGProgressHUD
    - SDWebImage

SPEC CHECKSUMS:
  JGProgressHUD: d83d7a981b85d11205e19ff8ad5bb9c40571c847
  SDWebImage: dfe95b2466a9823cf9f0c6d01217c06550d7b29a

PODFILE CHECKSUM: b742b325f04711b12af09d7cf5ff40166e8706ce

COCOAPODS: 1.14.3
